Microsoft Visual Studio Solution File, Format Version 12.00
# Visual Studio 2012
Project("{FAE04EC0-301F-11D3-BF4B-00C04F79EFBC}") = "project_glic_frey", "project_glic_frey.csproj", "{9BCC3C8B-D9A1-449F-B058-A65A4E35C72E}"
EndProject
Global
	GlobalSection(SolutionConfigurationPlatforms) = preSolution
	Debug|Any CPU = Debug|Any CPU
	ExportDebug|Any CPU = ExportDebug|Any CPU
	ExportRelease|Any CPU = ExportRelease|Any CPU
	EndGlobalSection
	GlobalSection(ProjectConfigurationPlatforms) = postSolution
		{9BCC3C8B-D9A1-449F-B058-A65A4E35C72E}.Debug|Any CPU.ActiveCfg = Debug|Any CPU
		{9BCC3C8B-D9A1-449F-B058-A65A4E35C72E}.Debug|Any CPU.Build.0 = Debug|Any CPU
		{9BCC3C8B-D9A1-449F-B058-A65A4E35C72E}.ExportDebug|Any CPU.ActiveCfg = ExportDebug|Any CPU
		{9BCC3C8B-D9A1-449F-B058-A65A4E35C72E}.ExportDebug|Any CPU.Build.0 = ExportDebug|Any CPU
		{9BCC3C8B-D9A1-449F-B058-A65A4E35C72E}.ExportRelease|Any CPU.ActiveCfg = ExportRelease|Any CPU
		{9BCC3C8B-D9A1-449F-B058-A65A4E35C72E}.ExportRelease|Any CPU.Build.0 = ExportRelease|Any CPU
	EndGlobalSection
EndGlobal
